# THIS IS AN AUTOGENERATED FILE. DO NOT EDIT THIS FILE DIRECTLY.
# yarn lockfile v1


"@esbuild/android-arm64@0.16.6":
  version "0.16.6"
  resolved "http://bnpm.byted.org/@esbuild/android-arm64/-/android-arm64-0.16.6.tgz#670061e921b2ef56adfa04ed66013e892136ec58"
  integrity sha512-5mSVUNQoEpnvWBgMnEKlHGjrK/3kqRoj+YkErK+RbKMlxCGzzkqh+vSGY0pq+RCobAXs0BlBQMQ+8ZutAkyStw==

"@esbuild/android-arm@0.16.6":
  version "0.16.6"
  resolved "http://bnpm.byted.org/@esbuild/android-arm/-/android-arm-0.16.6.tgz#450a79c5b04f955106515b0d24d0a428f3b7b468"
  integrity sha512-wc1AyHlFS8eejfAdePn2wr8/5zEa+FvF3ipBeTo4Qm9Xl0A0miTUfphwzXa3xdxU2pHimRCzIAUhjlbSSts8JQ==

"@esbuild/android-x64@0.16.6":
  version "0.16.6"
  resolved "http://bnpm.byted.org/@esbuild/android-x64/-/android-x64-0.16.6.tgz#d62788083113d54456c79d8aefb4a8f922ff9100"
  integrity sha512-zqbsOaB908GEO4JyVlkV5a9jjHVk35eR6dd3VvOdbu0u0BufaCblFjslbUP8ARGoLS77TWRe1mBpbcySkyybKQ==

"@esbuild/darwin-arm64@0.16.6":
  version "0.16.6"
  resolved "http://bnpm.byted.org/@esbuild/darwin-arm64/-/darwin-arm64-0.16.6.tgz#2d1c78ce0752236fa088fc3cc4e33a4fd3d26c84"
  integrity sha512-uc46Du5AiooWidDIkXeU3HWIuLTzVbYp95slpd9SdDH7FjXWgiiEo7DXzoUoPxGwkUfPgQvvgFKx3TqsYvy68w==

"@esbuild/darwin-x64@0.16.6":
  version "0.16.6"
  resolved "http://bnpm.byted.org/@esbuild/darwin-x64/-/darwin-x64-0.16.6.tgz#873b80540e5e8f0d1b87e2a48e7bfaecc097bfc0"
  integrity sha512-ND/o8hoEpXxIOqhRbt73tyvnu3WWA8MeuMAVww0crdubpzzEevH0S8r6uRjrHn1H4etRSmWwTbM3rHul68BJOA==

"@esbuild/freebsd-arm64@0.16.6":
  version "0.16.6"
  resolved "http://bnpm.byted.org/@esbuild/freebsd-arm64/-/freebsd-arm64-0.16.6.tgz#3d432d5e9fa17955f1e8b23255a00207f22891c0"
  integrity sha512-mMHz7ePkfVXW5wEhRR0XtoTlXDa5F1hIoxnfoeY+G0wWs4Q3HZgHZrXw3PSO26JnZOxIgyV/OuWIP87nQoWegQ==

"@esbuild/freebsd-x64@0.16.6":
  version "0.16.6"
  resolved "http://bnpm.byted.org/@esbuild/freebsd-x64/-/freebsd-x64-0.16.6.tgz#7e892ec08c9a11863e86feff169452f3cde967af"
  integrity sha512-/BneBfb5v+VAqjDLt8Q/5llb7smIEJVPd1afNJDShRfj2qr5nIwh1FJaOjoEWe6I1sucdKJ/EbwOujH+iBkW/g==

"@esbuild/linux-arm64@0.16.6":
  version "0.16.6"
  resolved "http://bnpm.byted.org/@esbuild/linux-arm64/-/linux-arm64-0.16.6.tgz#d1e2b0099cb19dce96ef9e4d4b94bc861c9b39cc"
  integrity sha512-1h2EyMOB9X2VfFzBv4/Xo+OcGj3fmZEwvGxOdDRPxSP8ZVQiqc4XesCVur85VjP0MLPC+y7PioDc/uWpwFadFw==

"@esbuild/linux-arm@0.16.6":
  version "0.16.6"
  resolved "http://bnpm.byted.org/@esbuild/linux-arm/-/linux-arm-0.16.6.tgz#ecb1543b12c27f7e4c7ad67d5e13d9a08d034e55"
  integrity sha512-hdw0JS24ToFAnWJJbexr62ZRTcl/yJSPeNZR4fAAJY4PcghgQcnp8lO5MdxBe2QCNz3i5WYCoGZcU4+TBJJMDg==

"@esbuild/linux-ia32@0.16.6":
  version "0.16.6"
  resolved "http://bnpm.byted.org/@esbuild/linux-ia32/-/linux-ia32-0.16.6.tgz#916c13e4076d03cabbbfaa6735e6c195fe332932"
  integrity sha512-MyBWPjAMAlnkYANHCjeun2QsOn5cY1RxXAqnG0hE+fEmeX/hJK9pj6wQ5QptAew7sKt9flcOLKEB/hn2mr/xUw==

"@esbuild/linux-loong64@0.16.6":
  version "0.16.6"
  resolved "http://bnpm.byted.org/@esbuild/linux-loong64/-/linux-loong64-0.16.6.tgz#d337a6cfb132288ac59e1f028be9b16cf4c7d339"
  integrity sha512-wJAE0pZrY47xWRIYkBrOYRKWJ9vE1XBC7PtuGy4/Ii0Au2VRc52A/VxIHwRI0NyQMNRkjOD5PpS/ruhnNx7JNA==

"@esbuild/linux-mips64el@0.16.6":
  version "0.16.6"
  resolved "http://bnpm.byted.org/@esbuild/linux-mips64el/-/linux-mips64el-0.16.6.tgz#cfcb7bcae8fbc91d07c93f3c2e26779ddaa7c738"
  integrity sha512-/eR74aTs0dWrg/Y9m0H2iE6rIigkwxsaJlzlSoz6N5JspyARRXutAITveg1wGek4W5LkistZBjEeeyCnC3FT9Q==

"@esbuild/linux-ppc64@0.16.6":
  version "0.16.6"
  resolved "http://bnpm.byted.org/@esbuild/linux-ppc64/-/linux-ppc64-0.16.6.tgz#aa2b0fc6ab0dea618f23d13946032d327da7806e"
  integrity sha512-zwIKMrYQzh59ftwiuXREcXwyjvsRNLELOgdIE17CwTnc5Xxj2IR9Gi8NvQcMTquFoGaHOh8O7F2zJ3vU5LQEhA==

"@esbuild/linux-riscv64@0.16.6":
  version "0.16.6"
  resolved "http://bnpm.byted.org/@esbuild/linux-riscv64/-/linux-riscv64-0.16.6.tgz#ade24a148fc7ded3a8a042f97a6441beba4f4f96"
  integrity sha512-uqCmZ9GnYcD9Od9fiDYH4TLahw14S6ZgCVrIb1bBBwbAy4pEOPwB73vBX3mnG3ClHv7b5xsOYhCBZkfkoJEgMA==

"@esbuild/linux-s390x@0.16.6":
  version "0.16.6"
  resolved "http://bnpm.byted.org/@esbuild/linux-s390x/-/linux-s390x-0.16.6.tgz#b3c051e15f6fd3f9af801aa2cfe2cad0e069e4ea"
  integrity sha512-zt1vo5Zzu1Y+0K64wYIQR1pMVNYDbwDetrWy/4XyD4c+tnZfxGZwzZOmb65LSto8hxAYq5UG6DpHSNJ4zy5F1w==

"@esbuild/linux-x64@0.16.6":
  version "0.16.6"
  resolved "http://bnpm.byted.org/@esbuild/linux-x64/-/linux-x64-0.16.6.tgz#49368780003c0f32fc79738d20404e39429fdc48"
  integrity sha512-g2aCp+XjWGbHq57ZUfyWNOMVDKr0flizfOa6BkP9Ezn2BLZ+gibxF+6M6272vfvALFYsbCUY+AyoNxuCVcaKFg==

"@esbuild/netbsd-x64@0.16.6":
  version "0.16.6"
  resolved "http://bnpm.byted.org/@esbuild/netbsd-x64/-/netbsd-x64-0.16.6.tgz#2227e9483c5a861bbecd740e525cd9b17dc01c61"
  integrity sha512-q5tKkYilkgNLtp6szs/yXAHJJ4OEjoTRlHHPJtVyDj6AZsdDynrkoFUV98D+CncB9Im5CIRnPmJErb6EDvIR0Q==

"@esbuild/openbsd-x64@0.16.6":
  version "0.16.6"
  resolved "http://bnpm.byted.org/@esbuild/openbsd-x64/-/openbsd-x64-0.16.6.tgz#6c6d15c9f5797ce5f9c7bd105b867b8fbdc964b7"
  integrity sha512-dR+DrQ2Dsfia71xKgdUPnf6lc3y4O8qNE4nmhEJHrR7teS0yScspommz28MaIe/8c5IubqPuOY2SYQFSExG55w==

"@esbuild/sunos-x64@0.16.6":
  version "0.16.6"
  resolved "http://bnpm.byted.org/@esbuild/sunos-x64/-/sunos-x64-0.16.6.tgz#3ac4275f948653a56d52eca7483f8d683bdd14ca"
  integrity sha512-u0hH+njKsZCz7SHRIIkqnOCWITFL+uLaXB7ro3SSztWcx7iB//Lpg/2lkPZ7sZ1lVpO0nmaHWApZIbvMTCwz1Q==

"@esbuild/win32-arm64@0.16.6":
  version "0.16.6"
  resolved "http://bnpm.byted.org/@esbuild/win32-arm64/-/win32-arm64-0.16.6.tgz#8d913e77797c00e05922d46b6f74011bb0655bfd"
  integrity sha512-d+hveGvPLoGQHOKVDWfWSLUFnPtdpzWdtmz3PFq4t/iLg1MMTnPy48TrgC/JFTwcxDgKJdFw6ogTXjYN1tVALw==

"@esbuild/win32-ia32@0.16.6":
  version "0.16.6"
  resolved "http://bnpm.byted.org/@esbuild/win32-ia32/-/win32-ia32-0.16.6.tgz#573b4aa7389d1dc87ab1877a8ee19e2e13ad51b0"
  integrity sha512-/e2x2+Gq7afiU9xxw5J0r0DCsfsWY+hmjLNzXh6O/9Kf2kFxyCLKsPyTJmj0jQ0icz5aGlxtueH2Hnm5Rczt/Q==

"@esbuild/win32-x64@0.16.6":
  version "0.16.6"
  resolved "http://bnpm.byted.org/@esbuild/win32-x64/-/win32-x64-0.16.6.tgz#26094ac38600cdac049cb320018bc34da9af22c2"
  integrity sha512-BlXuMzOWhAcdLRzE/PQLAAyhItzvL1fRMvbmHV6k09Xiq8rZzFJB/CrfX3ZQI0nKBlfxO4sLN9H9WwK2nLo7Pg==

"@pixi/accessibility@7.0.4":
  version "7.0.4"
  resolved "http://bnpm.byted.org/@pixi/accessibility/-/accessibility-7.0.4.tgz#edf5f7f62f881b856691fb56c0eca14985866a6d"
  integrity sha512-ExwRleeR1uWAOsbMg1bshh7OwYsnecIRpxdtkSYcxcCkk0ZNyjm6Z4WrQ3B170DpGMUy/5cZa6WnVok0a2OxMA==

"@pixi/app@7.0.4":
  version "7.0.4"
  resolved "http://bnpm.byted.org/@pixi/app/-/app-7.0.4.tgz#0503f0add67c47875f19526e4cca388a2d5aecec"
  integrity sha512-HXQHcLFNKm1d1IY0i2VigwgVxLO0ODS29TPhQv4m1q/w7FbgW2dWa0oDQS0ei0Bl/tlExd296YSrGfnbfw4Ypw==

"@pixi/assets@7.0.4":
  version "7.0.4"
  resolved "http://bnpm.byted.org/@pixi/assets/-/assets-7.0.4.tgz#a24febfc3957495f91a0dc575e05c3a7e50fc296"
  integrity sha512-SsF8oVY3FTBP5sy2KkrmYhlN3NNQSKdo+pttqWzuNA0bfl431q/6dytSYTWOHkKwhk5n+eAIZflQVuBht4X4aA==
  dependencies:
    "@types/css-font-loading-module" "^0.0.7"

"@pixi/compressed-textures@7.0.4":
  version "7.0.4"
  resolved "http://bnpm.byted.org/@pixi/compressed-textures/-/compressed-textures-7.0.4.tgz#a357eb9f57739c755917c88969dce0daef315753"
  integrity sha512-N04PAsvRqGL1WhFmr3A+qCWAlJuJOxMr04w3eLY+gD9a5fQjB8XYgeeEOuz/hJ+qWRFhGwhYUo2F0MrQg5d24Q==

"@pixi/constants@7.0.4":
  version "7.0.4"
  resolved "http://bnpm.byted.org/@pixi/constants/-/constants-7.0.4.tgz#6910b5b852e0e13b4c686ed2837f614305cddbe9"
  integrity sha512-HS8fvDZ4jn7jeEPeYfrB0bPSLW6yfVWxQwXUX6BAQOhpEZXlPpa3uKwl+wxhVh+9OGXBvlMcbxZTPEDMdB6xJQ==

"@pixi/core@7.0.4":
  version "7.0.4"
  resolved "http://bnpm.byted.org/@pixi/core/-/core-7.0.4.tgz#a9fd4cfbf5b807af0774b4ce5528c38ae070a5b8"
  integrity sha512-tM0Cz8r9EFivBoGnYQ1043of9Qp4Usr7YQ0vK29rF2HInNannrTFO2F/tXBoClRsCJUw0Y2R8C4n06tAovGiWg==
  dependencies:
    "@pixi/constants" "7.0.4"
    "@pixi/extensions" "7.0.4"
    "@pixi/math" "7.0.4"
    "@pixi/runner" "7.0.4"
    "@pixi/settings" "7.0.4"
    "@pixi/ticker" "7.0.4"
    "@pixi/utils" "7.0.4"
    "@types/offscreencanvas" "^2019.6.4"

"@pixi/display@7.0.4":
  version "7.0.4"
  resolved "http://bnpm.byted.org/@pixi/display/-/display-7.0.4.tgz#8e8babb98ec20c4b74f81652fc4977ae6ff99037"
  integrity sha512-mYz1j+bIOqDdd3tR7/B6hhCgfY1fvkGsCcespW3y8i3dHBgcO/PFggmpy3Op4yx/b2f8w4HkCm8ssvwx585kxg==

"@pixi/events@7.0.4":
  version "7.0.4"
  resolved "http://bnpm.byted.org/@pixi/events/-/events-7.0.4.tgz#1c5c64036960283201b6f9a2a9764bf6f5592a6d"
  integrity sha512-EQyEeo8ajsHgvDY9MqnI8V6D+/9cJDZZvjDAAMVeVs5W3aJ05LcWEXRRL9CnlwLld0qfuv2eFbeHznl0yMVXXg==

"@pixi/extensions@7.0.4":
  version "7.0.4"
  resolved "http://bnpm.byted.org/@pixi/extensions/-/extensions-7.0.4.tgz#f52d75d9e0a056313fd6f2d9fc11616b1adbc742"
  integrity sha512-NRwQ+R1nctH98u0h4mUTwYsqC72t7MakUPgJ8b51HslMAHerfqhymntX/E4f3pFuulSWAnsbR5sEVAee9b1XDw==

"@pixi/extract@7.0.4":
  version "7.0.4"
  resolved "http://bnpm.byted.org/@pixi/extract/-/extract-7.0.4.tgz#b8c511b02c568dd712f406f135d635f23ff0fdcf"
  integrity sha512-fchsSpkxHDQBKlQHwF0bVH69ZhI1Z+2rRoZn6ninAMU9QrliUSotrQDrq9Oh0kJAQUmBaQClnEM9IFDzIHwV2A==

"@pixi/filter-alpha@7.0.4":
  version "7.0.4"
  resolved "http://bnpm.byted.org/@pixi/filter-alpha/-/filter-alpha-7.0.4.tgz#8b4b75e0b6269d1d5bbc4188222bb35d9d3dcc6b"
  integrity sha512-IgBLVZQVryGVVAEvcrmj13VYnSBS57z6eRKi4QPjrpAzv1G4dP1nJSgT8HQjn18OF/UN7dfxt21Y3fsG7o+y/Q==

"@pixi/filter-blur@7.0.4":
  version "7.0.4"
  resolved "http://bnpm.byted.org/@pixi/filter-blur/-/filter-blur-7.0.4.tgz#5d60129a4d114df4ed308250fdc1bc1ee536ccb7"
  integrity sha512-zzgDN9ipooPNbLm3CbtqL+/rN92Gml0oOYWUDy7qulTlHDCXw8BRZ6RnWnY6KBZS3LzuSIGv0GLXYdeBGnY+6w==

"@pixi/filter-color-matrix@7.0.4":
  version "7.0.4"
  resolved "http://bnpm.byted.org/@pixi/filter-color-matrix/-/filter-color-matrix-7.0.4.tgz#75ce7d9467f7effb4191016fad8303e26b5c336e"
  integrity sha512-ROT4QCTRnCm1AwE5zdU0PPK1vDrtJHNF3FSRJ+qEGgRVRoG4io6uh8AaM6PAqDpAODLp4TN45eU25Sg6Q4A/rQ==

"@pixi/filter-displacement@7.0.4":
  version "7.0.4"
  resolved "http://bnpm.byted.org/@pixi/filter-displacement/-/filter-displacement-7.0.4.tgz#2ae87700d022269b8ceb8e3ea97cbf769a0a19fb"
  integrity sha512-tSX78DqsjdQQmpGAFBONcO40jx/Ia4FT1KxPAN2TTzhOxjNK9mbe/wlP01Sw2t3uiKj6xKLeQS80dyKMulhrUQ==

"@pixi/filter-fxaa@7.0.4":
  version "7.0.4"
  resolved "http://bnpm.byted.org/@pixi/filter-fxaa/-/filter-fxaa-7.0.4.tgz#2b69a1650a14a797f7ca45147be4e5eed6ca2d1e"
  integrity sha512-wVdhDJgAbWQs+bEcZ26dNBApuDsyHqsrSkNhn4lVl7i3Hc1xm505w7aWWT/6rL9cR6S5W3ss/k6kSahbjmVBIg==

"@pixi/filter-noise@7.0.4":
  version "7.0.4"
  resolved "http://bnpm.byted.org/@pixi/filter-noise/-/filter-noise-7.0.4.tgz#37854f6db2e53f984239f3cdea135832cc6b6f05"
  integrity sha512-UBsBaLFV0v5KGvcDCsaRyrNZXHirFLVdGgwPbeDpiJLvyPu1bTfoxeImu+c8okKivwbho2oomXIU374KFa/BvA==

"@pixi/graphics@7.0.4":
  version "7.0.4"
  resolved "http://bnpm.byted.org/@pixi/graphics/-/graphics-7.0.4.tgz#09fa373be449420ad586844ec97e478ac959fee8"
  integrity sha512-k6hnScltWw1dZf6C6/cyKBEUOaddd10AMon2fJbW5a903igirarncDZEg3mrMh0Tku7vIp4o6afZ7a+p0ocptQ==

"@pixi/math@7.0.4":
  version "7.0.4"
  resolved "http://bnpm.byted.org/@pixi/math/-/math-7.0.4.tgz#14b96ae4c4797fd52b9e019cbd40c0fd4523ee63"
  integrity sha512-tk9PyqdNi9EB0fjpwVfR4ZPUpuy8UjBqOLwTGM3v4MpAPP6uYK76rZLPSsGpx3Pe7BldS1HDnBC4U6CbK/eebw==

"@pixi/mesh-extras@7.0.4":
  version "7.0.4"
  resolved "http://bnpm.byted.org/@pixi/mesh-extras/-/mesh-extras-7.0.4.tgz#03ebebbc5375b2afad2dcf295d999bd51da18875"
  integrity sha512-nTvg5T5BM1BjKWg0XrO8gxSudPmPAXRLwSjqtNzgmeSsLFN8IN+TCrUq2pb9sbU8yUrT0xqXRfctyPW2lU69ow==

"@pixi/mesh@7.0.4":
  version "7.0.4"
  resolved "http://bnpm.byted.org/@pixi/mesh/-/mesh-7.0.4.tgz#d03b93bb71305fabeec764058ec58ae7e1cf572d"
  integrity sha512-DIlzG6hKppYl6OucxNNyEGSQHYCa+zPckMEcb9tIW/OkxALM2NyuFCz7lDocNgWHvicsCw3cUs+R12NGSpNsvA==

"@pixi/mixin-cache-as-bitmap@7.0.4":
  version "7.0.4"
  resolved "http://bnpm.byted.org/@pixi/mixin-cache-as-bitmap/-/mixin-cache-as-bitmap-7.0.4.tgz#816e81b8ce1743aa1061035390189108ad6bc8b2"
  integrity sha512-ryNsgIQLWR2QkFAtiiCDvAySdZ6qwKGGGLqpVQ2/L0jN05oK8QgBjGYZWFasOe46Dk6cV0PEu8647blS2pkKHA==

"@pixi/mixin-get-child-by-name@7.0.4":
  version "7.0.4"
  resolved "http://bnpm.byted.org/@pixi/mixin-get-child-by-name/-/mixin-get-child-by-name-7.0.4.tgz#3533002ec7cb35854de169ae56739f71fba0af73"
  integrity sha512-XSZXkeIaxOdDeAFQd3LaGdwzy6o6xqW2YgoCU5SXbuz2IlP6Vw8wjD+Zj2Ci/l54/yrm5+Z7er7/8JoPp0hSTg==

"@pixi/mixin-get-global-position@7.0.4":
  version "7.0.4"
  resolved "http://bnpm.byted.org/@pixi/mixin-get-global-position/-/mixin-get-global-position-7.0.4.tgz#760d69be41f73e38a01146bd17812ab9d42ecffc"
  integrity sha512-qic8niPQpYr2yKmer6vJYmpCLIjhUl8gaYON7B2gLykyrG8KaAlnx9nP3l5oyWhJWuCGzoPebDg5VA67EOmBvA==

"@pixi/particle-container@7.0.4":
  version "7.0.4"
  resolved "http://bnpm.byted.org/@pixi/particle-container/-/particle-container-7.0.4.tgz#107faf78ec7dbd15aaa3b072c86ac583b2f6a692"
  integrity sha512-Njm8KUX5lCNhffc+pbNFXHZl0Lrl4QY9nctcLr3+I7yFe5O2M3jIEGnnBCKEP2L3FLKqD6YrfllYu3dIy3ts5Q==

"@pixi/prepare@7.0.4":
  version "7.0.4"
  resolved "http://bnpm.byted.org/@pixi/prepare/-/prepare-7.0.4.tgz#d5664665d8c2050bd72ed8be32c0867d8b194c3c"
  integrity sha512-xgM1VNQZRYsrl5ZZw67ALhn+580GqI9UO99yhmM1T3tMsLmpzy78Zpl8jmKEOFFnEGe+9TPwKU9dJnJwFywtQg==

"@pixi/runner@7.0.4":
  version "7.0.4"
  resolved "http://bnpm.byted.org/@pixi/runner/-/runner-7.0.4.tgz#cf1eea2307d0699aaa3be115ac27ff53c1e9d6d7"
  integrity sha512-XHtK2FyVk8sg/Uuww0SFVDUMpv0M5sj7zmTLXxgvlDuaHKimDl1d52j2w/N7y4DU8BpyAFTH3VgyTrAMsZBydw==

"@pixi/settings@7.0.4":
  version "7.0.4"
  resolved "http://bnpm.byted.org/@pixi/settings/-/settings-7.0.4.tgz#3a368367498d2a0530a74b0ee6f933d4b981e96e"
  integrity sha512-aEg0BYVLWVXcyUIGhnV0Gsxb/6g9nTaciKEBXm4C/7G10HgEuIrO56P/ccTPl3xcL5g6z417DcntuiNNSQ29Qg==
  dependencies:
    "@pixi/constants" "7.0.4"
    "@types/css-font-loading-module" "^0.0.7"

"@pixi/sprite-animated@7.0.4":
  version "7.0.4"
  resolved "http://bnpm.byted.org/@pixi/sprite-animated/-/sprite-animated-7.0.4.tgz#0a5b8fa188b666009534667657f0e8027e454a04"
  integrity sha512-cDhIg6jSkl4+U7oRnqSkoSlQ8h7GuWRt12DNlm/pMOwN6r7DjrVkbQH9cBHB3k6dZxp0SwhrLxXwtk6XoeNRPA==

"@pixi/sprite-tiling@7.0.4":
  version "7.0.4"
  resolved "http://bnpm.byted.org/@pixi/sprite-tiling/-/sprite-tiling-7.0.4.tgz#89e815b31dc75d498766231f3b3f7e482e81fde9"
  integrity sha512-3tzOjZr3fj7T/NfNRQP/fSaBrJvUh260rHdSlwANzc0DY8qNXprU2pEUO3YaIYWgp5ubq/Ls7XNwrWLPHZQraA==

"@pixi/sprite@7.0.4":
  version "7.0.4"
  resolved "http://bnpm.byted.org/@pixi/sprite/-/sprite-7.0.4.tgz#f2cabb8429dc0e784fd393d6fa5d6c275b8a8d5c"
  integrity sha512-Bj6pswIKfHdk5q0G14cBZF8XXyf0zHgUxpp53rD2+tDKf4Xm2/Uoy5p0Z1RZD6IzaFp44pKA21LYOPJrNxc1MA==

"@pixi/spritesheet@7.0.4":
  version "7.0.4"
  resolved "http://bnpm.byted.org/@pixi/spritesheet/-/spritesheet-7.0.4.tgz#0b55d27fb56de6045832fc3cc7893d6e1d56abff"
  integrity sha512-wWaymCrIXWVXq/tWc6mzHBs3iqiWULvApVQ/vbQTXU17O5tZFp36vmFewYVTMOJTWkRmDJg5VedPk1QmvQlL3g==

"@pixi/text-bitmap@7.0.4":
  version "7.0.4"
  resolved "http://bnpm.byted.org/@pixi/text-bitmap/-/text-bitmap-7.0.4.tgz#39cad5a5f3fb65ac82b9c4f2ac3053375a357d91"
  integrity sha512-Oi4pwpw11uUz9Ah/5JuXMqYjTQ/5wawXYsi1H0eayrU+w0vv8WKqvOPWjRZhixNgEsVHbwPMjYpXCecqQfg6gA==

"@pixi/text@7.0.4":
  version "7.0.4"
  resolved "http://bnpm.byted.org/@pixi/text/-/text-7.0.4.tgz#33749a202a357814dea826a5dff8e14d543212a8"
  integrity sha512-CaAgUNbbZ38E4+Ze1lZ2j4vtq4lWoOFprreUc+M+vshRkoS6JgxGTBO+Z9dutQzPfYaZFL7M+Q2reX5l78RU4g==

"@pixi/ticker@7.0.4":
  version "7.0.4"
  resolved "http://bnpm.byted.org/@pixi/ticker/-/ticker-7.0.4.tgz#211415f2d11e19cd2ef1cf49a1f5ec9ae70bc116"
  integrity sha512-0d1KjkftfJvwaVIv4h3KHYWvdHmSHt9yHgczmp9NzH+9i9sRQbmb7IK/WxFORYFfYbYrPpMVDOkrxvEAUosunw==
  dependencies:
    "@pixi/extensions" "7.0.4"
    "@pixi/settings" "7.0.4"

"@pixi/utils@7.0.4":
  version "7.0.4"
  resolved "http://bnpm.byted.org/@pixi/utils/-/utils-7.0.4.tgz#8292c0ad53d97a253398d53ad7365b1a3655a0fe"
  integrity sha512-fdPhfItjnwKgkb8l27zD4eCwGrSCa72kqYWEtwYayVNSh+l95krLQPZHrXR2HA7Rh97I8/4PUJBhIIcEaI962Q==
  dependencies:
    "@pixi/constants" "7.0.4"
    "@pixi/settings" "7.0.4"
    "@types/earcut" "^2.1.0"
    earcut "^2.2.4"
    eventemitter3 "^4.0.0"
    url "^0.11.0"

"@tweenjs/tween.js@^18.6.4":
  version "18.6.4"
  resolved "http://bnpm.byted.org/@tweenjs/tween.js/-/tween.js-18.6.4.tgz#40a3d0a93647124872dec8e0fd1bd5926695b6ca"
  integrity sha512-lB9lMjuqjtuJrx7/kOkqQBtllspPIN+96OvTCeJ2j5FEzinoAXTdAMFnDAQT1KVPRlnYfBrqxtqP66vDM40xxQ==

"@types/css-font-loading-module@^0.0.7":
  version "0.0.7"
  resolved "http://bnpm.byted.org/@types/css-font-loading-module/-/css-font-loading-module-0.0.7.tgz#2f98ede46acc0975de85c0b7b0ebe06041d24601"
  integrity sha512-nl09VhutdjINdWyXxHWN/w9zlNCfr60JUqJbd24YXUuCwgeL0TpFSdElCwb6cxfB6ybE19Gjj4g0jsgkXxKv1Q==

"@types/earcut@^2.1.0":
  version "2.1.1"
  resolved "http://bnpm.byted.org/@types/earcut/-/earcut-2.1.1.tgz#573a0af609f17005c751f6f4ffec49cfe358ea51"
  integrity sha512-w8oigUCDjElRHRRrMvn/spybSMyX8MTkKA5Dv+tS1IE/TgmNZPqUYtvYBXGY8cieSE66gm+szeK+bnbxC2xHTQ==

"@types/offscreencanvas@^2019.6.4":
  version "2019.7.0"
  resolved "http://bnpm.byted.org/@types/offscreencanvas/-/offscreencanvas-2019.7.0.tgz#e4a932069db47bb3eabeb0b305502d01586fa90d"
  integrity sha512-PGcyveRIpL1XIqK8eBsmRBt76eFgtzuPiSTyKHZxnGemp2yzGzWpjYKAfK3wIMiU7eH+851yEpiuP8JZerTmWg==

earcut@^2.2.4:
  version "2.2.4"
  resolved "http://bnpm.byted.org/earcut/-/earcut-2.2.4.tgz#6d02fd4d68160c114825d06890a92ecaae60343a"
  integrity sha512-/pjZsA1b4RPHbeWZQn66SWS8nZZWLQQ23oE3Eam7aroEFGEvwKAsJfZ9ytiEMycfzXWpca4FA9QIOehf7PocBQ==

esbuild@^0.16.3:
  version "0.16.6"
  resolved "http://bnpm.byted.org/esbuild/-/esbuild-0.16.6.tgz#6f8aa19d2d41871f420a701e6df309337f6cb953"
  integrity sha512-0Fn9lUX1yy2iP56L0BDAgnQFJfkDICdYZ0Xm6Kgdwa72AkHoKX0egau/ZIROYdjJWPLJtl9bDuW7Xs56TuKPhQ==
  optionalDependencies:
    "@esbuild/android-arm" "0.16.6"
    "@esbuild/android-arm64" "0.16.6"
    "@esbuild/android-x64" "0.16.6"
    "@esbuild/darwin-arm64" "0.16.6"
    "@esbuild/darwin-x64" "0.16.6"
    "@esbuild/freebsd-arm64" "0.16.6"
    "@esbuild/freebsd-x64" "0.16.6"
    "@esbuild/linux-arm" "0.16.6"
    "@esbuild/linux-arm64" "0.16.6"
    "@esbuild/linux-ia32" "0.16.6"
    "@esbuild/linux-loong64" "0.16.6"
    "@esbuild/linux-mips64el" "0.16.6"
    "@esbuild/linux-ppc64" "0.16.6"
    "@esbuild/linux-riscv64" "0.16.6"
    "@esbuild/linux-s390x" "0.16.6"
    "@esbuild/linux-x64" "0.16.6"
    "@esbuild/netbsd-x64" "0.16.6"
    "@esbuild/openbsd-x64" "0.16.6"
    "@esbuild/sunos-x64" "0.16.6"
    "@esbuild/win32-arm64" "0.16.6"
    "@esbuild/win32-ia32" "0.16.6"
    "@esbuild/win32-x64" "0.16.6"

eventemitter3@^4.0.0:
  version "4.0.7"
  resolved "http://bnpm.byted.org/eventemitter3/-/eventemitter3-4.0.7.tgz#2de9b68f6528d5644ef5c59526a1b4a07306169f"
  integrity sha512-8guHBZCwKnFhYdHr2ysuRWErTwhoN2X8XELRlrRwpmfeY2jjuUN4taQMsULKUVo1K4DvZl+0pgfyoysHxvmvEw==

fsevents@~2.3.2:
  version "2.3.2"
  resolved "http://bnpm.byted.org/fsevents/-/fsevents-2.3.2.tgz#8a526f78b8fdf4623b709e0b975c52c24c02fd1a"
  integrity sha512-xiqMQR4xAeHTuB9uWm+fFRcIOgKBMiOBP+eXiyT7jsgVCq1bkVygt00oASowB7EdtpOHaaPgKt812P9ab+DDKA==

function-bind@^1.1.1:
  version "1.1.1"
  resolved "http://bnpm.byted.org/function-bind/-/function-bind-1.1.1.tgz#a56899d3ea3c9bab874bb9773b7c5ede92f4895d"
  integrity sha512-yIovAzMX49sF8Yl58fSCWJ5svSLuaibPxXQJFLmBObTuCr0Mf1KiPopGM9NiFjiYBCbfaa2Fh6breQ6ANVTI0A==

has@^1.0.3:
  version "1.0.3"
  resolved "http://bnpm.byted.org/has/-/has-1.0.3.tgz#722d7cbfc1f6aa8241f16dd814e011e1f41e8796"
  integrity sha512-f2dvO0VU6Oej7RkWJGrehjbzMAjFp5/VKPp5tTpWIV4JHHZK1/BxbFRtf/siA2SWTe09caDmVtYYzWEIbBS4zw==
  dependencies:
    function-bind "^1.1.1"

is-core-module@^2.9.0:
  version "2.11.0"
  resolved "http://bnpm.byted.org/is-core-module/-/is-core-module-2.11.0.tgz#ad4cb3e3863e814523c96f3f58d26cc570ff0144"
  integrity sha512-RRjxlvLDkD1YJwDbroBHMb+cukurkDWNyHx7D3oNB5x9rb5ogcksMC5wHCadcXoo67gVr/+3GFySh3134zi6rw==
  dependencies:
    has "^1.0.3"

nanoid@^3.3.4:
  version "3.3.4"
  resolved "http://bnpm.byted.org/nanoid/-/nanoid-3.3.4.tgz#730b67e3cd09e2deacf03c027c81c9d9dbc5e8ab"
  integrity sha512-MqBkQh/OHTS2egovRtLk45wEyNXwF+cokD+1YPf9u5VfJiRdAiRwB2froX5Co9Rh20xs4siNPm8naNotSD6RBw==

path-parse@^1.0.7:
  version "1.0.7"
  resolved "http://bnpm.byted.org/path-parse/-/path-parse-1.0.7.tgz#fbc114b60ca42b30d9daf5858e4bd68bbedb6735"
  integrity sha512-LDJzPVEEEPR+y48z93A0Ed0yXb8pAByGWo/k5YYdYgpY2/2EsOsksJrq7lOHxryrVOn1ejG6oAp8ahvOIQD8sw==

picocolors@^1.0.0:
  version "1.0.0"
  resolved "http://bnpm.byted.org/picocolors/-/picocolors-1.0.0.tgz#cb5bdc74ff3f51892236eaf79d68bc44564ab81c"
  integrity sha512-1fygroTLlHu66zi26VoTDv8yRgm0Fccecssto+MhsZ0D/DGW2sm8E8AjW7NU5VVTRt5GxbeZ5qBuJr+HyLYkjQ==

pixi.js@^7.0.4:
  version "7.0.4"
  resolved "http://bnpm.byted.org/pixi.js/-/pixi.js-7.0.4.tgz#4bd8dc620aa407b2220de328c55da3d0a5730ab5"
  integrity sha512-5j9AVVNjPfuUK7HDvkoOGbMwZiQvBZORLpjR3Rl+hr88unXs92/Ud4e2Px7pnSDQfxHiGzKwbiMFuvTL94Yk6g==
  dependencies:
    "@pixi/accessibility" "7.0.4"
    "@pixi/app" "7.0.4"
    "@pixi/assets" "7.0.4"
    "@pixi/compressed-textures" "7.0.4"
    "@pixi/core" "7.0.4"
    "@pixi/display" "7.0.4"
    "@pixi/events" "7.0.4"
    "@pixi/extensions" "7.0.4"
    "@pixi/extract" "7.0.4"
    "@pixi/filter-alpha" "7.0.4"
    "@pixi/filter-blur" "7.0.4"
    "@pixi/filter-color-matrix" "7.0.4"
    "@pixi/filter-displacement" "7.0.4"
    "@pixi/filter-fxaa" "7.0.4"
    "@pixi/filter-noise" "7.0.4"
    "@pixi/graphics" "7.0.4"
    "@pixi/mesh" "7.0.4"
    "@pixi/mesh-extras" "7.0.4"
    "@pixi/mixin-cache-as-bitmap" "7.0.4"
    "@pixi/mixin-get-child-by-name" "7.0.4"
    "@pixi/mixin-get-global-position" "7.0.4"
    "@pixi/particle-container" "7.0.4"
    "@pixi/prepare" "7.0.4"
    "@pixi/sprite" "7.0.4"
    "@pixi/sprite-animated" "7.0.4"
    "@pixi/sprite-tiling" "7.0.4"
    "@pixi/spritesheet" "7.0.4"
    "@pixi/text" "7.0.4"
    "@pixi/text-bitmap" "7.0.4"

postcss@^8.4.20:
  version "8.4.20"
  resolved "http://bnpm.byted.org/postcss/-/postcss-8.4.20.tgz#64c52f509644cecad8567e949f4081d98349dc56"
  integrity sha512-6Q04AXR1212bXr5fh03u8aAwbLxAQNGQ/Q1LNa0VfOI06ZAlhPHtQvE4OIdpj4kLThXilalPnmDSOD65DcHt+g==
  dependencies:
    nanoid "^3.3.4"
    picocolors "^1.0.0"
    source-map-js "^1.0.2"

punycode@1.3.2:
  version "1.3.2"
  resolved "http://bnpm.byted.org/punycode/-/punycode-1.3.2.tgz#9653a036fb7c1ee42342f2325cceefea3926c48d"
  integrity sha512-RofWgt/7fL5wP1Y7fxE7/EmTLzQVnB0ycyibJ0OOHIlJqTNzglYFxVwETOcIoJqJmpDXJ9xImDv+Fq34F/d4Dw==

querystring@0.2.0:
  version "0.2.0"
  resolved "http://bnpm.byted.org/querystring/-/querystring-0.2.0.tgz#b209849203bb25df820da756e747005878521620"
  integrity sha512-X/xY82scca2tau62i9mDyU9K+I+djTMUsvwf7xnUX5GLvVzgJybOJf4Y6o9Zx3oJK/LSXg5tTZBjwzqVPaPO2g==

resolve@^1.22.1:
  version "1.22.1"
  resolved "http://bnpm.byted.org/resolve/-/resolve-1.22.1.tgz#27cb2ebb53f91abb49470a928bba7558066ac177"
  integrity sha512-nBpuuYuY5jFsli/JIs1oldw6fOQCBioohqWZg/2hiaOybXOft4lonv85uDOKXdf8rhyK159cxU5cDcK/NKk8zw==
  dependencies:
    is-core-module "^2.9.0"
    path-parse "^1.0.7"
    supports-preserve-symlinks-flag "^1.0.0"

rollup@^3.7.0:
  version "3.7.4"
  resolved "http://bnpm.byted.org/rollup/-/rollup-3.7.4.tgz#993c3b30eff1df96f5eafb7c2ef7648960f2fa34"
  integrity sha512-jN9rx3k5pfg9H9al0r0y1EYKSeiRANZRYX32SuNXAnKzh6cVyf4LZVto1KAuDnbHT03E1CpsgqDKaqQ8FZtgxw==
  optionalDependencies:
    fsevents "~2.3.2"

source-map-js@^1.0.2:
  version "1.0.2"
  resolved "http://bnpm.byted.org/source-map-js/-/source-map-js-1.0.2.tgz#adbc361d9c62df380125e7f161f71c826f1e490c"
  integrity sha512-R0XvVJ9WusLiqTCEiGCmICCMplcCkIwwR11mOSD9CR5u+IXYdiseeEuXCVAjS54zqwkLcPNnmU4OeJ6tUrWhDw==

supports-preserve-symlinks-flag@^1.0.0:
  version "1.0.0"
  resolved "http://bnpm.byted.org/supports-preserve-symlinks-flag/-/supports-preserve-symlinks-flag-1.0.0.tgz#6eda4bd344a3c94aea376d4cc31bc77311039e09"
  integrity sha512-ot0WnXS9fgdkgIcePe6RHNk1WA8+muPa6cSjeR3V8K27q9BB1rTE3R1p7Hv0z1ZyAc8s6Vvv8DIyWf681MAt0w==

url@^0.11.0:
  version "0.11.0"
  resolved "http://bnpm.byted.org/url/-/url-0.11.0.tgz#3838e97cfc60521eb73c525a8e55bfdd9e2e28f1"
  integrity sha512-kbailJa29QrtXnxgq+DdCEGlbTeYM2eJUxsz6vjZavrCYPMIFHMKQmSKYAIuUK2i7hgPm28a8piX5NTUtM/LKQ==
  dependencies:
    punycode "1.3.2"
    querystring "0.2.0"

vite@^4.0.1:
  version "4.0.1"
  resolved "http://bnpm.byted.org/vite/-/vite-4.0.1.tgz#e0a54d818c28ae47fd27bcac6a4a952c6a658502"
  integrity sha512-kZQPzbDau35iWOhy3CpkrRC7It+HIHtulAzBhMqzGHKRf/4+vmh8rPDDdv98SWQrFWo6//3ozwsRmwQIPZsK9g==
  dependencies:
    esbuild "^0.16.3"
    postcss "^8.4.20"
    resolve "^1.22.1"
    rollup "^3.7.0"
  optionalDependencies:
    fsevents "~2.3.2"
